
Microsoft Visual Studio Solution File, Format Version 12.00
# Visual Studio Version 17
VisualStudioVersion = 17.3.32929.385
MinimumVisualStudioVersion = 10.0.40219.1
Project("{FAE04EC0-301F-11D3-BF4B-00C04F79EFBC}") = "Advent Of Code", "Advent Of Code\Advent Of Code.csproj", "{EF8BDF96-A06B-468D-A676-B445404410EE}"
EndProject
Global
	GlobalSection(SolutionConfigurationPlatforms) = preSolution
		Debug|Any CPU = Debug|Any CPU
		Release|Any CPU = Release|Any CPU
	EndGlobalSection
	GlobalSection(ProjectConfigurationPlatforms) = postSolution
		{EF8BDF96-A06B-468D-A676-B445404410EE}.Debug|Any CPU.ActiveCfg = Debug|Any CPU
		{EF8BDF96-A06B-468D-A676-B445404410EE}.Debug|Any CPU.Build.0 = Debug|Any CPU
		{EF8BDF96-A06B-468D-A676-B445404410EE}.Release|Any CPU.ActiveCfg = Release|Any CPU
		{EF8BDF96-A06B-468D-A676-B445404410EE}.Release|Any CPU.Build.0 = Release|Any CPU
	EndGlobalSection
	GlobalSection(SolutionProperties) = preSolution
		HideSolutionNode = FALSE
	EndGlobalSection
	GlobalSection(ExtensibilityGlobals) = postSolution
		SolutionGuid = {00CD924E-A5FB-4765-9112-9EACD8C98523}
	EndGlobalSection
EndGlobal
