
Microsoft Visual Studio Solution File, Format Version 12.00
# Visual Studio Version 17
VisualStudioVersion = 17.3.32929.385
MinimumVisualStudioVersion = 10.0.40219.1
Project("{9A19103F-16F7-4668-BE54-9A1E7A4F7556}") = "day01", "Advent Of Code\day01.csproj", "{EF8BDF96-A06B-468D-A676-B445404410EE}"
EndProject
Project("{9A19103F-16F7-4668-BE54-9A1E7A4F7556}") = "day02", "day2\day02.csproj", "{C21E1C7A-8EAA-4BB7-A128-841C6CB25DDB}"
EndProject
Project("{9A19103F-16F7-4668-BE54-9A1E7A4F7556}") = "day03", "day3\day03.csproj", "{2892B01D-5A48-4196-9A64-9C702840EC49}"
EndProject
Project("{9A19103F-16F7-4668-BE54-9A1E7A4F7556}") = "day04", "day4\day04.csproj", "{6BE44586-B9A4-40FB-B868-C9D599732A9E}"
EndProject
Project("{9A19103F-16F7-4668-BE54-9A1E7A4F7556}") = "day05", "day5\day05.csproj", "{79EF2585-BB46-471B-A807-790F909E321C}"
EndProject
Project("{9A19103F-16F7-4668-BE54-9A1E7A4F7556}") = "day06", "day6\day06.csproj", "{61B3460C-3B59-4A99-84A6-45D7603F522F}"
EndProject
Project("{9A19103F-16F7-4668-BE54-9A1E7A4F7556}") = "day07", "day7\day07.csproj", "{7EAB8057-8D4C-4C56-A566-F005305636BA}"
EndProject
Project("{9A19103F-16F7-4668-BE54-9A1E7A4F7556}") = "day08", "day8\day08.csproj", "{637E6198-BF43-4B1C-9820-C67E6A586C20}"
EndProject
Project("{9A19103F-16F7-4668-BE54-9A1E7A4F7556}") = "day09", "day9\day09.csproj", "{56300C96-F60B-47C6-8701-D51D844F3E27}"
EndProject
Project("{9A19103F-16F7-4668-BE54-9A1E7A4F7556}") = "day10", "day10\day10.csproj", "{B46E9F8A-E10A-4DE3-A9D5-EF47F63C453B}"
EndProject
Project("{9A19103F-16F7-4668-BE54-9A1E7A4F7556}") = "day11", "day11\day11.csproj", "{F5F56CC9-38C7-4B46-B42B-AD7C156EB3A1}"
EndProject
Project("{9A19103F-16F7-4668-BE54-9A1E7A4F7556}") = "day12", "day12\day12.csproj", "{B24F391E-D955-4F7B-A94A-A5D98A27DB9F}"
EndProject
Project("{9A19103F-16F7-4668-BE54-9A1E7A4F7556}") = "day13", "day13\day13.csproj", "{19669230-BA96-4C69-BD7F-538192226EEF}"
EndProject
Project("{FAE04EC0-301F-11D3-BF4B-00C04F79EFBC}") = "day14", "day14\day14.csproj", "{57FE3817-DE77-4D3F-8D5A-8E51461D8CA4}"
EndProject
Global
	GlobalSection(SolutionConfigurationPlatforms) = preSolution
		Debug|Any CPU = Debug|Any CPU
		Release|Any CPU = Release|Any CPU
	EndGlobalSection
	GlobalSection(ProjectConfigurationPlatforms) = postSolution
		{EF8BDF96-A06B-468D-A676-B445404410EE}.Debug|Any CPU.ActiveCfg = Debug|Any CPU
		{EF8BDF96-A06B-468D-A676-B445404410EE}.Debug|Any CPU.Build.0 = Debug|Any CPU
		{EF8BDF96-A06B-468D-A676-B445404410EE}.Release|Any CPU.ActiveCfg = Release|Any CPU
		{EF8BDF96-A06B-468D-A676-B445404410EE}.Release|Any CPU.Build.0 = Release|Any CPU
		{C21E1C7A-8EAA-4BB7-A128-841C6CB25DDB}.Debug|Any CPU.ActiveCfg = Debug|Any CPU
		{C21E1C7A-8EAA-4BB7-A128-841C6CB25DDB}.Debug|Any CPU.Build.0 = Debug|Any CPU
		{C21E1C7A-8EAA-4BB7-A128-841C6CB25DDB}.Release|Any CPU.ActiveCfg = Release|Any CPU
		{C21E1C7A-8EAA-4BB7-A128-841C6CB25DDB}.Release|Any CPU.Build.0 = Release|Any CPU
		{2892B01D-5A48-4196-9A64-9C702840EC49}.Debug|Any CPU.ActiveCfg = Debug|Any CPU
		{2892B01D-5A48-4196-9A64-9C702840EC49}.Debug|Any CPU.Build.0 = Debug|Any CPU
		{2892B01D-5A48-4196-9A64-9C702840EC49}.Release|Any CPU.ActiveCfg = Release|Any CPU
		{2892B01D-5A48-4196-9A64-9C702840EC49}.Release|Any CPU.Build.0 = Release|Any CPU
		{6BE44586-B9A4-40FB-B868-C9D599732A9E}.Debug|Any CPU.ActiveCfg = Debug|Any CPU
		{6BE44586-B9A4-40FB-B868-C9D599732A9E}.Debug|Any CPU.Build.0 = Debug|Any CPU
		{6BE44586-B9A4-40FB-B868-C9D599732A9E}.Release|Any CPU.ActiveCfg = Release|Any CPU
		{6BE44586-B9A4-40FB-B868-C9D599732A9E}.Release|Any CPU.Build.0 = Release|Any CPU
		{79EF2585-BB46-471B-A807-790F909E321C}.Debug|Any CPU.ActiveCfg = Debug|Any CPU
		{79EF2585-BB46-471B-A807-790F909E321C}.Debug|Any CPU.Build.0 = Debug|Any CPU
		{79EF2585-BB46-471B-A807-790F909E321C}.Release|Any CPU.ActiveCfg = Release|Any CPU
		{79EF2585-BB46-471B-A807-790F909E321C}.Release|Any CPU.Build.0 = Release|Any CPU
		{61B3460C-3B59-4A99-84A6-45D7603F522F}.Debug|Any CPU.ActiveCfg = Debug|Any CPU
		{61B3460C-3B59-4A99-84A6-45D7603F522F}.Debug|Any CPU.Build.0 = Debug|Any CPU
		{61B3460C-3B59-4A99-84A6-45D7603F522F}.Release|Any CPU.ActiveCfg = Release|Any CPU
		{61B3460C-3B59-4A99-84A6-45D7603F522F}.Release|Any CPU.Build.0 = Release|Any CPU
		{7EAB8057-8D4C-4C56-A566-F005305636BA}.Debug|Any CPU.ActiveCfg = Debug|Any CPU
		{7EAB8057-8D4C-4C56-A566-F005305636BA}.Debug|Any CPU.Build.0 = Debug|Any CPU
		{7EAB8057-8D4C-4C56-A566-F005305636BA}.Release|Any CPU.ActiveCfg = Release|Any CPU
		{7EAB8057-8D4C-4C56-A566-F005305636BA}.Release|Any CPU.Build.0 = Release|Any CPU
		{637E6198-BF43-4B1C-9820-C67E6A586C20}.Debug|Any CPU.ActiveCfg = Debug|Any CPU
		{637E6198-BF43-4B1C-9820-C67E6A586C20}.Debug|Any CPU.Build.0 = Debug|Any CPU
		{637E6198-BF43-4B1C-9820-C67E6A586C20}.Release|Any CPU.ActiveCfg = Release|Any CPU
		{637E6198-BF43-4B1C-9820-C67E6A586C20}.Release|Any CPU.Build.0 = Release|Any CPU
		{56300C96-F60B-47C6-8701-D51D844F3E27}.Debug|Any CPU.ActiveCfg = Debug|Any CPU
		{56300C96-F60B-47C6-8701-D51D844F3E27}.Debug|Any CPU.Build.0 = Debug|Any CPU
		{56300C96-F60B-47C6-8701-D51D844F3E27}.Release|Any CPU.ActiveCfg = Release|Any CPU
		{56300C96-F60B-47C6-8701-D51D844F3E27}.Release|Any CPU.Build.0 = Release|Any CPU
		{B46E9F8A-E10A-4DE3-A9D5-EF47F63C453B}.Debug|Any CPU.ActiveCfg = Debug|Any CPU
		{B46E9F8A-E10A-4DE3-A9D5-EF47F63C453B}.Debug|Any CPU.Build.0 = Debug|Any CPU
		{B46E9F8A-E10A-4DE3-A9D5-EF47F63C453B}.Release|Any CPU.ActiveCfg = Release|Any CPU
		{B46E9F8A-E10A-4DE3-A9D5-EF47F63C453B}.Release|Any CPU.Build.0 = Release|Any CPU
		{F5F56CC9-38C7-4B46-B42B-AD7C156EB3A1}.Debug|Any CPU.ActiveCfg = Debug|Any CPU
		{F5F56CC9-38C7-4B46-B42B-AD7C156EB3A1}.Debug|Any CPU.Build.0 = Debug|Any CPU
		{F5F56CC9-38C7-4B46-B42B-AD7C156EB3A1}.Release|Any CPU.ActiveCfg = Release|Any CPU
		{F5F56CC9-38C7-4B46-B42B-AD7C156EB3A1}.Release|Any CPU.Build.0 = Release|Any CPU
		{B24F391E-D955-4F7B-A94A-A5D98A27DB9F}.Debug|Any CPU.ActiveCfg = Debug|Any CPU
		{B24F391E-D955-4F7B-A94A-A5D98A27DB9F}.Debug|Any CPU.Build.0 = Debug|Any CPU
		{B24F391E-D955-4F7B-A94A-A5D98A27DB9F}.Release|Any CPU.ActiveCfg = Release|Any CPU
		{B24F391E-D955-4F7B-A94A-A5D98A27DB9F}.Release|Any CPU.Build.0 = Release|Any CPU
		{19669230-BA96-4C69-BD7F-538192226EEF}.Debug|Any CPU.ActiveCfg = Debug|Any CPU
		{19669230-BA96-4C69-BD7F-538192226EEF}.Debug|Any CPU.Build.0 = Debug|Any CPU
		{19669230-BA96-4C69-BD7F-538192226EEF}.Release|Any CPU.ActiveCfg = Release|Any CPU
		{19669230-BA96-4C69-BD7F-538192226EEF}.Release|Any CPU.Build.0 = Release|Any CPU
		{57FE3817-DE77-4D3F-8D5A-8E51461D8CA4}.Debug|Any CPU.ActiveCfg = Debug|Any CPU
		{57FE3817-DE77-4D3F-8D5A-8E51461D8CA4}.Debug|Any CPU.Build.0 = Debug|Any CPU
		{57FE3817-DE77-4D3F-8D5A-8E51461D8CA4}.Release|Any CPU.ActiveCfg = Release|Any CPU
		{57FE3817-DE77-4D3F-8D5A-8E51461D8CA4}.Release|Any CPU.Build.0 = Release|Any CPU
	EndGlobalSection
	GlobalSection(SolutionProperties) = preSolution
		HideSolutionNode = FALSE
	EndGlobalSection
	GlobalSection(ExtensibilityGlobals) = postSolution
		SolutionGuid = {00CD924E-A5FB-4765-9112-9EACD8C98523}
	EndGlobalSection
EndGlobal
