
Microsoft Visual Studio Solution File, Format Version 12.00
# Visual Studio Version 17
VisualStudioVersion = 17.3.32929.385
MinimumVisualStudioVersion = 10.0.40219.1
Project("{9A19103F-16F7-4668-BE54-9A1E7A4F7556}") = "day1", "Advent Of Code\day1.csproj", "{EF8BDF96-A06B-468D-A676-B445404410EE}"
EndProject
Project("{9A19103F-16F7-4668-BE54-9A1E7A4F7556}") = "day2", "day2\day2.csproj", "{C21E1C7A-8EAA-4BB7-A128-841C6CB25DDB}"
EndProject
Project("{9A19103F-16F7-4668-BE54-9A1E7A4F7556}") = "day3", "day3\day3.csproj", "{2892B01D-5A48-4196-9A64-9C702840EC49}"
EndProject
Project("{9A19103F-16F7-4668-BE54-9A1E7A4F7556}") = "day4", "day4\day4.csproj", "{6BE44586-B9A4-40FB-B868-C9D599732A9E}"
EndProject
Project("{9A19103F-16F7-4668-BE54-9A1E7A4F7556}") = "day5", "day5\day5.csproj", "{79EF2585-BB46-471B-A807-790F909E321C}"
EndProject
Project("{9A19103F-16F7-4668-BE54-9A1E7A4F7556}") = "day6", "day6\day6.csproj", "{61B3460C-3B59-4A99-84A6-45D7603F522F}"
EndProject
Project("{9A19103F-16F7-4668-BE54-9A1E7A4F7556}") = "day7", "day7\day7.csproj", "{7EAB8057-8D4C-4C56-A566-F005305636BA}"
EndProject
Project("{FAE04EC0-301F-11D3-BF4B-00C04F79EFBC}") = "day8", "day8\day8.csproj", "{637E6198-BF43-4B1C-9820-C67E6A586C20}"
EndProject
Global
	GlobalSection(SolutionConfigurationPlatforms) = preSolution
		Debug|Any CPU = Debug|Any CPU
		Release|Any CPU = Release|Any CPU
	EndGlobalSection
	GlobalSection(ProjectConfigurationPlatforms) = postSolution
		{EF8BDF96-A06B-468D-A676-B445404410EE}.Debug|Any CPU.ActiveCfg = Debug|Any CPU
		{EF8BDF96-A06B-468D-A676-B445404410EE}.Debug|Any CPU.Build.0 = Debug|Any CPU
		{EF8BDF96-A06B-468D-A676-B445404410EE}.Release|Any CPU.ActiveCfg = Release|Any CPU
		{EF8BDF96-A06B-468D-A676-B445404410EE}.Release|Any CPU.Build.0 = Release|Any CPU
		{C21E1C7A-8EAA-4BB7-A128-841C6CB25DDB}.Debug|Any CPU.ActiveCfg = Debug|Any CPU
		{C21E1C7A-8EAA-4BB7-A128-841C6CB25DDB}.Debug|Any CPU.Build.0 = Debug|Any CPU
		{C21E1C7A-8EAA-4BB7-A128-841C6CB25DDB}.Release|Any CPU.ActiveCfg = Release|Any CPU
		{C21E1C7A-8EAA-4BB7-A128-841C6CB25DDB}.Release|Any CPU.Build.0 = Release|Any CPU
		{2892B01D-5A48-4196-9A64-9C702840EC49}.Debug|Any CPU.ActiveCfg = Debug|Any CPU
		{2892B01D-5A48-4196-9A64-9C702840EC49}.Debug|Any CPU.Build.0 = Debug|Any CPU
		{2892B01D-5A48-4196-9A64-9C702840EC49}.Release|Any CPU.ActiveCfg = Release|Any CPU
		{2892B01D-5A48-4196-9A64-9C702840EC49}.Release|Any CPU.Build.0 = Release|Any CPU
		{6BE44586-B9A4-40FB-B868-C9D599732A9E}.Debug|Any CPU.ActiveCfg = Debug|Any CPU
		{6BE44586-B9A4-40FB-B868-C9D599732A9E}.Debug|Any CPU.Build.0 = Debug|Any CPU
		{6BE44586-B9A4-40FB-B868-C9D599732A9E}.Release|Any CPU.ActiveCfg = Release|Any CPU
		{6BE44586-B9A4-40FB-B868-C9D599732A9E}.Release|Any CPU.Build.0 = Release|Any CPU
		{79EF2585-BB46-471B-A807-790F909E321C}.Debug|Any CPU.ActiveCfg = Debug|Any CPU
		{79EF2585-BB46-471B-A807-790F909E321C}.Debug|Any CPU.Build.0 = Debug|Any CPU
		{79EF2585-BB46-471B-A807-790F909E321C}.Release|Any CPU.ActiveCfg = Release|Any CPU
		{79EF2585-BB46-471B-A807-790F909E321C}.Release|Any CPU.Build.0 = Release|Any CPU
		{61B3460C-3B59-4A99-84A6-45D7603F522F}.Debug|Any CPU.ActiveCfg = Debug|Any CPU
		{61B3460C-3B59-4A99-84A6-45D7603F522F}.Debug|Any CPU.Build.0 = Debug|Any CPU
		{61B3460C-3B59-4A99-84A6-45D7603F522F}.Release|Any CPU.ActiveCfg = Release|Any CPU
		{61B3460C-3B59-4A99-84A6-45D7603F522F}.Release|Any CPU.Build.0 = Release|Any CPU
		{7EAB8057-8D4C-4C56-A566-F005305636BA}.Debug|Any CPU.ActiveCfg = Debug|Any CPU
		{7EAB8057-8D4C-4C56-A566-F005305636BA}.Debug|Any CPU.Build.0 = Debug|Any CPU
		{7EAB8057-8D4C-4C56-A566-F005305636BA}.Release|Any CPU.ActiveCfg = Release|Any CPU
		{7EAB8057-8D4C-4C56-A566-F005305636BA}.Release|Any CPU.Build.0 = Release|Any CPU
		{637E6198-BF43-4B1C-9820-C67E6A586C20}.Debug|Any CPU.ActiveCfg = Debug|Any CPU
		{637E6198-BF43-4B1C-9820-C67E6A586C20}.Debug|Any CPU.Build.0 = Debug|Any CPU
		{637E6198-BF43-4B1C-9820-C67E6A586C20}.Release|Any CPU.ActiveCfg = Release|Any CPU
		{637E6198-BF43-4B1C-9820-C67E6A586C20}.Release|Any CPU.Build.0 = Release|Any CPU
	EndGlobalSection
	GlobalSection(SolutionProperties) = preSolution
		HideSolutionNode = FALSE
	EndGlobalSection
	GlobalSection(ExtensibilityGlobals) = postSolution
		SolutionGuid = {00CD924E-A5FB-4765-9112-9EACD8C98523}
	EndGlobalSection
EndGlobal
